
Microsoft Visual Studio Solution File, Format Version 12.00
# Visual Studio 15
VisualStudioVersion = 15.0.26730.16
MinimumVisualStudioVersion = 10.0.40219.1
Project("{FAE04EC0-301F-11D3-BF4B-00C04F79EFBC}") = "week009", "week009\week009.csproj", "{BF20F275-7D15-4CC6-A02B-29E7DAE0A92C}"
EndProject
Global
	GlobalSection(SolutionConfigurationPlatforms) = preSolution
		Debug|Any CPU = Debug|Any CPU
		Release|Any CPU = Release|Any CPU
	EndGlobalSection
	GlobalSection(ProjectConfigurationPlatforms) = postSolution
		{BF20F275-7D15-4CC6-A02B-29E7DAE0A92C}.Debug|Any CPU.ActiveCfg = Debug|Any CPU
		{BF20F275-7D15-4CC6-A02B-29E7DAE0A92C}.Debug|Any CPU.Build.0 = Debug|Any CPU
		{BF20F275-7D15-4CC6-A02B-29E7DAE0A92C}.Release|Any CPU.ActiveCfg = Release|Any CPU
		{BF20F275-7D15-4CC6-A02B-29E7DAE0A92C}.Release|Any CPU.Build.0 = Release|Any CPU
	EndGlobalSection
	GlobalSection(SolutionProperties) = preSolution
		HideSolutionNode = FALSE
	EndGlobalSection
	GlobalSection(ExtensibilityGlobals) = postSolution
		SolutionGuid = {46D51317-3FF1-41BF-A7C0-A11C2534A89C}
	EndGlobalSection
EndGlobal
